{
  "name": "ship-hold",
  "version": "1.1.0",
  "lockfileVersion": 1,
  "requires": true,
  "dependencies": {
    "@lorenzofox3/for-await": {
      "version": "0.1.0",
      "resolved": "https://registry.npmjs.org/@lorenzofox3/for-await/-/for-await-0.1.0.tgz",
      "integrity": "sha512-YR4EIPtTTOY722EH8S2j6bk9qQAiViSgpRLqjTJOg9ZQveEmvcg2KU5GqFx0mkZhjDM4tNzOWKC7ln5ldzEJ4g==",
      "dev": true
    },
    "@lorenzofox3/for-await-node": {
      "version": "0.2.0",
      "resolved": "https://registry.npmjs.org/@lorenzofox3/for-await-node/-/for-await-node-0.2.0.tgz",
      "integrity": "sha512-JBPBDCnUMuevR/2p8DvEPHLV1ITdOF7HPIpiAFAtw1qUMBJuRvR5/Oh0ZzDIU8gJgH+CxO0TKTElJaEWJ0M7ZA=="
    },
    "ansi-regex": {
      "version": "2.1.1",
      "resolved": "https://registry.npmjs.org/ansi-regex/-/ansi-regex-2.1.1.tgz",
      "integrity": "sha1-w7M6te42DYbg5ijwRorn7yfWVN8="
    },
    "ansi-styles": {
      "version": "2.2.1",
      "resolved": "https://registry.npmjs.org/ansi-styles/-/ansi-styles-2.2.1.tgz",
      "integrity": "sha1-tDLdM1i2NM914eRmQ2gkBTPB3b4="
    },
    "argparse": {
      "version": "1.0.10",
      "resolved": "https://registry.npmjs.org/argparse/-/argparse-1.0.10.tgz",
      "integrity": "sha512-o5Roy6tNG4SL/FOkCAN6RzjiakZS25RLYFrcMttJqbdd8BWrnA+fGz57iN5Pb06pvBGvl5gQ0B48dJlslXvoTg==",
      "requires": {
        "sprintf-js": "1.0.3"
      }
    },
    "buffer-writer": {
      "version": "1.0.1",
      "resolved": "https://registry.npmjs.org/buffer-writer/-/buffer-writer-1.0.1.tgz",
      "integrity": "sha1-Iqk2kB4wKa/NdUfrRIfOtpejvwg="
    },
    "chalk": {
      "version": "1.1.3",
      "resolved": "https://registry.npmjs.org/chalk/-/chalk-1.1.3.tgz",
      "integrity": "sha1-qBFcVeSnAv5NFQq9OHKCKn4J/Jg=",
      "requires": {
        "ansi-styles": "2.2.1",
        "escape-string-regexp": "1.0.5",
        "has-ansi": "2.0.0",
        "strip-ansi": "3.0.1",
        "supports-color": "2.0.0"
      }
    },
    "core-util-is": {
      "version": "1.0.2",
      "resolved": "https://registry.npmjs.org/core-util-is/-/core-util-is-1.0.2.tgz",
      "integrity": "sha1-tf1UIgqivFq1eqtxQMlAdUUDwac="
    },
    "deep-equal": {
      "version": "1.0.1",
      "resolved": "https://registry.npmjs.org/deep-equal/-/deep-equal-1.0.1.tgz",
      "integrity": "sha1-9dJgKStmDghO/0zbyfCK0yR0SLU=",
      "dev": true
    },
    "diff": {
      "version": "2.2.3",
      "resolved": "https://registry.npmjs.org/diff/-/diff-2.2.3.tgz",
      "integrity": "sha1-YOr9DSjukG5Oj/ClLBIpUhAzv5k="
    },
    "duplexer": {
      "version": "0.1.1",
      "resolved": "https://registry.npmjs.org/duplexer/-/duplexer-0.1.1.tgz",
      "integrity": "sha1-rOb/gIwc5mtX0ev5eXessCM0z8E="
    },
    "escape-string-regexp": {
      "version": "1.0.5",
      "resolved": "https://registry.npmjs.org/escape-string-regexp/-/escape-string-regexp-1.0.5.tgz",
      "integrity": "sha1-G2HAViGQqN/2rjuyzwIAyhMLhtQ="
    },
    "esprima": {
      "version": "4.0.0",
      "resolved": "https://registry.npmjs.org/esprima/-/esprima-4.0.0.tgz",
      "integrity": "sha512-oftTcaMu/EGrEIu904mWteKIv8vMuOgGYo7EhVJJN00R/EED9DCua/xxHRdYnKtcECzVg7xOWhflvJMnqcFZjw=="
    },
    "events-to-array": {
      "version": "1.1.2",
      "resolved": "https://registry.npmjs.org/events-to-array/-/events-to-array-1.1.2.tgz",
      "integrity": "sha1-LUH1Y+H+QA7Uli/hpNXGp1Od9/Y="
    },
    "figures": {
      "version": "1.7.0",
      "resolved": "https://registry.npmjs.org/figures/-/figures-1.7.0.tgz",
      "integrity": "sha1-y+Hjr/zxzUS4DK3+0o3Hk6lwHS4=",
      "requires": {
        "escape-string-regexp": "1.0.5",
        "object-assign": "4.1.1"
      }
    },
    "has-ansi": {
      "version": "2.0.0",
      "resolved": "https://registry.npmjs.org/has-ansi/-/has-ansi-2.0.0.tgz",
      "integrity": "sha1-NPUEnOHs3ysGSa8+8k5F7TVBbZE=",
      "requires": {
        "ansi-regex": "2.1.1"
      }
    },
    "inherits": {
      "version": "2.0.3",
      "resolved": "https://registry.npmjs.org/inherits/-/inherits-2.0.3.tgz",
      "integrity": "sha1-Yzwsg+PaQqUC9SRmAiSA9CCCYd4="
    },
    "is-finite": {
      "version": "1.0.2",
      "resolved": "https://registry.npmjs.org/is-finite/-/is-finite-1.0.2.tgz",
      "integrity": "sha1-zGZ3aVYCvlUO8R6LSqYwU0K20Ko=",
      "requires": {
        "number-is-nan": "1.0.1"
      }
    },
    "isarray": {
      "version": "1.0.0",
      "resolved": "https://registry.npmjs.org/isarray/-/isarray-1.0.0.tgz",
      "integrity": "sha1-u5NdSFgsuhaMBoNJV6VKPgcSTxE="
    },
    "js-string-escape": {
      "version": "1.0.1",
      "resolved": "https://registry.npmjs.org/js-string-escape/-/js-string-escape-1.0.1.tgz",
      "integrity": "sha1-4mJbrbwNZ8dTPp7cEGjFh65BN+8="
    },
    "js-yaml": {
      "version": "3.10.0",
      "resolved": "https://registry.npmjs.org/js-yaml/-/js-yaml-3.10.0.tgz",
      "integrity": "sha512-O2v52ffjLa9VeM43J4XocZE//WT9N0IiwDa3KSHH7Tu8CtH+1qM8SIZvnsTh6v+4yFy5KUY3BHUVwjpfAWsjIA==",
      "requires": {
        "argparse": "1.0.10",
        "esprima": "4.0.0"
      }
    },
    "number-is-nan": {
      "version": "1.0.1",
      "resolved": "https://registry.npmjs.org/number-is-nan/-/number-is-nan-1.0.1.tgz",
      "integrity": "sha1-CXtgK1NCKlIsGvuHkDGDNpQaAR0="
    },
    "object-assign": {
      "version": "4.1.1",
      "resolved": "https://registry.npmjs.org/object-assign/-/object-assign-4.1.1.tgz",
      "integrity": "sha1-IQmtx5ZYh8/AXLvUQsrIv7s2CGM="
    },
    "packet-reader": {
      "version": "0.3.1",
      "resolved": "https://registry.npmjs.org/packet-reader/-/packet-reader-0.3.1.tgz",
      "integrity": "sha1-zWLmCvjX/qinBexP+ZCHHEaHHyc="
    },
    "parse-ms": {
      "version": "1.0.1",
      "resolved": "https://registry.npmjs.org/parse-ms/-/parse-ms-1.0.1.tgz",
      "integrity": "sha1-VjRtR0nXjyNDDKDHE4UK75GqNh0="
    },
    "pg": {
      "version": "7.4.1",
      "resolved": "https://registry.npmjs.org/pg/-/pg-7.4.1.tgz",
      "integrity": "sha512-Pi5qYuXro5PAD9xXx8h7bFtmHgAQEG6/SCNyi7gS3rvb/ZQYDmxKchfB0zYtiSJNWq9iXTsYsHjrM+21eBcN1A==",
      "requires": {
        "buffer-writer": "1.0.1",
        "js-string-escape": "1.0.1",
        "packet-reader": "0.3.1",
        "pg-connection-string": "0.1.3",
        "pg-pool": "2.0.3",
        "pg-types": "1.12.1",
        "pgpass": "1.0.2",
        "semver": "4.3.2"
      }
    },
    "pg-connection-string": {
      "version": "0.1.3",
      "resolved": "https://registry.npmjs.org/pg-connection-string/-/pg-connection-string-0.1.3.tgz",
      "integrity": "sha1-2hhHsglA5C7hSSvq9l1J2RskXfc="
    },
    "pg-cursor": {
      "version": "1.3.0",
      "resolved": "https://registry.npmjs.org/pg-cursor/-/pg-cursor-1.3.0.tgz",
      "integrity": "sha1-siDxkIl2t7QNqjc8etpfyoI6sNk="
    },
    "pg-pool": {
      "version": "2.0.3",
      "resolved": "https://registry.npmjs.org/pg-pool/-/pg-pool-2.0.3.tgz",
      "integrity": "sha1-wCIDLIlJ8xKk+R+2QJzgQHa+Mlc="
    },
    "pg-query-stream": {
      "version": "1.1.1",
      "resolved": "https://registry.npmjs.org/pg-query-stream/-/pg-query-stream-1.1.1.tgz",
      "integrity": "sha1-Zel0Nu+AnR4WDrqE6/EbnkdC6rQ=",
      "requires": {
        "pg-cursor": "1.3.0"
      }
    },
    "pg-types": {
      "version": "1.12.1",
      "resolved": "https://registry.npmjs.org/pg-types/-/pg-types-1.12.1.tgz",
      "integrity": "sha1-1kCH45A7WP+q0nnnWVxSIIoUw9I=",
      "requires": {
        "postgres-array": "1.0.2",
        "postgres-bytea": "1.0.0",
        "postgres-date": "1.0.3",
        "postgres-interval": "1.1.1"
      }
    },
    "pgpass": {
      "version": "1.0.2",
      "resolved": "https://registry.npmjs.org/pgpass/-/pgpass-1.0.2.tgz",
      "integrity": "sha1-Knu0G2BltnkH6R2hsHwYR8h3swY=",
      "requires": {
        "split": "1.0.1"
      }
    },
    "plur": {
      "version": "1.0.0",
      "resolved": "https://registry.npmjs.org/plur/-/plur-1.0.0.tgz",
      "integrity": "sha1-24XGgU9eXlo7Se/CjWBP7GKXUVY="
    },
    "postgres-array": {
      "version": "1.0.2",
      "resolved": "https://registry.npmjs.org/postgres-array/-/postgres-array-1.0.2.tgz",
      "integrity": "sha1-jgsy6wO/d6XAp4UeBEHBaaJWojg="
    },
    "postgres-bytea": {
      "version": "1.0.0",
      "resolved": "https://registry.npmjs.org/postgres-bytea/-/postgres-bytea-1.0.0.tgz",
      "integrity": "sha1-AntTPAqokOJtFy1Hz5zOzFIazTU="
    },
    "postgres-date": {
      "version": "1.0.3",
      "resolved": "https://registry.npmjs.org/postgres-date/-/postgres-date-1.0.3.tgz",
      "integrity": "sha1-4tiXAu/bJY/52c7g/pG9BpdSV6g="
    },
    "postgres-interval": {
      "version": "1.1.1",
      "resolved": "https://registry.npmjs.org/postgres-interval/-/postgres-interval-1.1.1.tgz",
      "integrity": "sha512-OkuCi9t/3CZmeQreutGgx/OVNv9MKHGIT5jH8KldQ4NLYXkvmT9nDVxEuCENlNwhlGPE374oA/xMqn05G49pHA==",
      "requires": {
        "xtend": "4.0.1"
      }
    },
    "pretty-ms": {
      "version": "2.1.0",
      "resolved": "https://registry.npmjs.org/pretty-ms/-/pretty-ms-2.1.0.tgz",
      "integrity": "sha1-QlfCVt8/sLRR1q/6qwIYhBJpgdw=",
      "requires": {
        "is-finite": "1.0.2",
        "parse-ms": "1.0.1",
        "plur": "1.0.0"
      }
    },
    "process-nextick-args": {
      "version": "2.0.0",
      "resolved": "https://registry.npmjs.org/process-nextick-args/-/process-nextick-args-2.0.0.tgz",
      "integrity": "sha512-MtEC1TqN0EU5nephaJ4rAtThHtC86dNN9qCuEhtshvpVBkAW5ZO7BASN9REnF9eoXGcRub+pFuKEpOHE+HbEMw=="
    },
    "readable-stream": {
      "version": "2.3.4",
      "resolved": "https://registry.npmjs.org/readable-stream/-/readable-stream-2.3.4.tgz",
      "integrity": "sha512-vuYxeWYM+fde14+rajzqgeohAI7YoJcHE7kXDAc4Nk0EbuKnJfqtY9YtRkLo/tqkuF7MsBQRhPnPeyjYITp3ZQ==",
      "requires": {
        "core-util-is": "1.0.2",
        "inherits": "2.0.3",
        "isarray": "1.0.0",
        "process-nextick-args": "2.0.0",
        "safe-buffer": "5.1.1",
        "string_decoder": "1.0.3",
        "util-deprecate": "1.0.2"
      }
    },
    "safe-buffer": {
      "version": "5.1.1",
      "resolved": "https://registry.npmjs.org/safe-buffer/-/safe-buffer-5.1.1.tgz",
      "integrity": "sha512-kKvNJn6Mm93gAczWVJg7wH+wGYWNrDHdWvpUmHyEsgCtIwwo3bqPtV4tR5tuPaUhTOo/kvhVwd8XwwOllGYkbg=="
    },
    "semver": {
      "version": "4.3.2",
      "resolved": "https://registry.npmjs.org/semver/-/semver-4.3.2.tgz",
      "integrity": "sha1-x6BxWKgL7dBSNVt3DYLWZA+AO+c="
    },
    "smart-table-json-pointer": {
      "version": "1.0.3",
      "resolved": "https://registry.npmjs.org/smart-table-json-pointer/-/smart-table-json-pointer-1.0.3.tgz",
      "integrity": "sha512-dyyvAzL9SLiNaOHHOE6p+YXxBbmVGZ+GHQMyiJtcRbQRrHWQEbmvPkjUpg8SqPuR43XzAY0B0gGV12lzPHDNpQ=="
    },
    "split": {
      "version": "1.0.1",
      "resolved": "https://registry.npmjs.org/split/-/split-1.0.1.tgz",
      "integrity": "sha512-mTyOoPbrivtXnwnIxZRFYRrPNtEFKlpB2fvjSnCQUiAA6qAZzqwna5envK4uk6OIeP17CsdF3rSBGYVBsU0Tkg==",
      "requires": {
        "through": "2.3.8"
      }
    },
    "sprintf-js": {
      "version": "1.0.3",
      "resolved": "https://registry.npmjs.org/sprintf-js/-/sprintf-js-1.0.3.tgz",
      "integrity": "sha1-BOaSb2YolTVPPdAVIDYzuFcpfiw="
    },
    "string_decoder": {
      "version": "1.0.3",
      "resolved": "https://registry.npmjs.org/string_decoder/-/string_decoder-1.0.3.tgz",
      "integrity": "sha512-4AH6Z5fzNNBcH+6XDMfA/BTt87skxqJlO0lAh3Dker5zThcAxG6mKz+iGu308UKoPPQ8Dcqx/4JhujzltRa+hQ==",
      "requires": {
        "safe-buffer": "5.1.1"
      }
    },
    "strip-ansi": {
      "version": "3.0.1",
      "resolved": "https://registry.npmjs.org/strip-ansi/-/strip-ansi-3.0.1.tgz",
      "integrity": "sha1-ajhfuIU9lS1f8F0Oiq+UJ43GPc8=",
      "requires": {
        "ansi-regex": "2.1.1"
      }
    },
    "supports-color": {
      "version": "2.0.0",
      "resolved": "https://registry.npmjs.org/supports-color/-/supports-color-2.0.0.tgz",
      "integrity": "sha1-U10EXOa2Nj+kARcIRimZXp3zJMc="
    },
    "tap-diff": {
      "version": "0.1.1",
      "resolved": "https://registry.npmjs.org/tap-diff/-/tap-diff-0.1.1.tgz",
      "integrity": "sha1-j78zM9hWQ/7qG/F1m5CCCwSjfd8=",
      "requires": {
        "chalk": "1.1.3",
        "diff": "2.2.3",
        "duplexer": "0.1.1",
        "figures": "1.7.0",
        "pretty-ms": "2.1.0",
        "tap-parser": "1.3.2",
        "through2": "2.0.3"
      }
    },
    "tap-parser": {
      "version": "1.3.2",
      "resolved": "https://registry.npmjs.org/tap-parser/-/tap-parser-1.3.2.tgz",
      "integrity": "sha1-EgxQiciMPIp5PvKIhn3jIeGPjCI=",
      "requires": {
        "events-to-array": "1.1.2",
        "inherits": "2.0.3",
        "js-yaml": "3.10.0",
        "readable-stream": "2.3.4"
      }
    },
    "through": {
      "version": "2.3.8",
      "resolved": "https://registry.npmjs.org/through/-/through-2.3.8.tgz",
      "integrity": "sha1-DdTJ/6q8NXlgsbckEV1+Doai4fU="
    },
    "through2": {
      "version": "2.0.3",
      "resolved": "https://registry.npmjs.org/through2/-/through2-2.0.3.tgz",
      "integrity": "sha1-AARWmzfHx0ujnEPzzteNGtlBQL4=",
      "requires": {
        "readable-stream": "2.3.4",
        "xtend": "4.0.1"
      }
    },
    "util-deprecate": {
      "version": "1.0.2",
      "resolved": "https://registry.npmjs.org/util-deprecate/-/util-deprecate-1.0.2.tgz",
      "integrity": "sha1-RQ1Nyfpw3nMnYvvS1KKJgUGaDM8="
    },
    "xtend": {
      "version": "4.0.1",
      "resolved": "https://registry.npmjs.org/xtend/-/xtend-4.0.1.tgz",
      "integrity": "sha1-pcbVMr5lbiPbgg77lDofBJmNY68="
    },
    "zora": {
      "version": "2.0.0",
      "resolved": "https://registry.npmjs.org/zora/-/zora-2.0.0.tgz",
      "integrity": "sha512-+2+76XxAJobFjwiJ/nI67CAb/IOIHciFuZTiqtLXNqHt4BVBpO2vyZ09xvK23Wfb6xWYgClp6VkIpbrQQ73c1g==",
      "dev": true,
      "requires": {
        "deep-equal": "1.0.1"
      }
    }
  }
}
